// !$*UTF8*$!
{
	archiveVersion = 1;
	classes = {
	};
	objectVersion = 46;
	objects = {

/* Begin PBXBuildFile section */
		DA9F53021A3ACB0300F1543D /* AppDelegate.swift in Sources */ = {isa = PBXBuildFile; fileRef = DA9F53011A3ACB0300F1543D /* AppDelegate.swift */; };
		DA9F53041A3ACB0300F1543D /* ViewController.swift in Sources */ = {isa = PBXBuildFile; fileRef = DA9F53031A3ACB0300F1543D /* ViewController.swift */; };
		DA9F53071A3ACB0300F1543D /* Main.storyboard in Resources */ = {isa = PBXBuildFile; fileRef = DA9F53051A3ACB0300F1543D /* Main.storyboard */; };
		DA9F53091A3ACB0300F1543D /* Images.xcassets in Resources */ = {isa = PBXBuildFile; fileRef = DA9F53081A3ACB0300F1543D /* Images.xcassets */; };
		DA9F530C1A3ACB0300F1543D /* LaunchScreen.xib in Resources */ = {isa = PBXBuildFile; fileRef = DA9F530A1A3ACB0300F1543D /* LaunchScreen.xib */; };
		DA9F53181A3ACB0300F1543D /* VTSampleStoreiOSTests.swift in Sources */ = {isa = PBXBuildFile; fileRef = DA9F53171A3ACB0300F1543D /* VTSampleStoreiOSTests.swift */; };
		DAA1CF111A4A419100490544 /* libVTiOSAPI.a in Frameworks */ = {isa = PBXBuildFile; fileRef = DAA1CF101A4A419100490544 /* libVTiOSAPI.a */; };
		DAA1CF351A4A4C7400490544 /* VTAddress.h in Sources */ = {isa = PBXBuildFile; fileRef = DAA1CF2A1A4A4C6700490544 /* VTAddress.h */; };
		DAA1CF361A4A4C7400490544 /* VTBaseTransaction.h in Sources */ = {isa = PBXBuildFile; fileRef = DAA1CF2B1A4A4C6700490544 /* VTBaseTransaction.h */; };
		DAA1CF371A4A4C7400490544 /* VTBaseTransactionMethod.h in Sources */ = {isa = PBXBuildFile; fileRef = DAA1CF2C1A4A4C6700490544 /* VTBaseTransactionMethod.h */; };
		DAA1CF381A4A4C7400490544 /* VTCardDetails.h in Sources */ = {isa = PBXBuildFile; fileRef = DAA1CF2D1A4A4C6700490544 /* VTCardDetails.h */; };
		DAA1CF391A4A4C7400490544 /* VTConfig.h in Sources */ = {isa = PBXBuildFile; fileRef = DAA1CF2E1A4A4C6700490544 /* VTConfig.h */; };
		DAA1CF3A1A4A4C7400490544 /* VTCustomerDetails.h in Sources */ = {isa = PBXBuildFile; fileRef = DAA1CF2F1A4A4C6700490544 /* VTCustomerDetails.h */; };
		DAA1CF3B1A4A4C7400490544 /* VTDirect.h in Sources */ = {isa = PBXBuildFile; fileRef = DAA1CF301A4A4C6700490544 /* VTDirect.h */; };
		DAA1CF3D1A4A4C7400490544 /* VTItemDetails.h in Sources */ = {isa = PBXBuildFile; fileRef = DAA1CF321A4A4C6700490544 /* VTItemDetails.h */; };
		DAA1CF3E1A4A4C7400490544 /* VTToken.h in Sources */ = {isa = PBXBuildFile; fileRef = DAA1CF331A4A4C6700490544 /* VTToken.h */; };
		DAA1CF3F1A4A4C7400490544 /* VTTransactionDetails.h in Sources */ = {isa = PBXBuildFile; fileRef = DAA1CF341A4A4C6700490544 /* VTTransactionDetails.h */; };
		DAA505C41A512C8A00058CF9 /* ShopController.swift in Sources */ = {isa = PBXBuildFile; fileRef = DAA505C31A512C8A00058CF9 /* ShopController.swift */; };
		DAA505C71A513D1100058CF9 /* VTItem.swift in Sources */ = {isa = PBXBuildFile; fileRef = DAA505C61A513D1100058CF9 /* VTItem.swift */; };
		DAA505C91A51419200058CF9 /* VTCheckout.swift in Sources */ = {isa = PBXBuildFile; fileRef = DAA505C81A51419200058CF9 /* VTCheckout.swift */; };
/* End PBXBuildFile section */

/* Begin PBXContainerItemProxy section */
		DA9F53121A3ACB0300F1543D /* PBXContainerItemProxy */ = {
			isa = PBXContainerItemProxy;
			containerPortal = DA9F52F41A3ACB0300F1543D /* Project object */;
			proxyType = 1;
			remoteGlobalIDString = DA9F52FB1A3ACB0300F1543D;
			remoteInfo = VTSampleStoreiOS;
		};
/* End PBXContainerItemProxy section */

/* Begin PBXFileReference section */
		DA9F52FC1A3ACB0300F1543D /* VTSampleStoreiOS.app */ = {isa = PBXFileReference; explicitFileType = wrapper.application; includeInIndex = 0; path = VTSampleStoreiOS.app; sourceTree = BUILT_PRODUCTS_DIR; };
		DA9F53001A3ACB0300F1543D /* Info.plist */ = {isa = PBXFileReference; lastKnownFileType = text.plist.xml; path = Info.plist; sourceTree = "<group>"; };
		DA9F53011A3ACB0300F1543D /* AppDelegate.swift */ = {isa = PBXFileReference; lastKnownFileType = sourcecode.swift; path = AppDelegate.swift; sourceTree = "<group>"; };
		DA9F53031A3ACB0300F1543D /* ViewController.swift */ = {isa = PBXFileReference; lastKnownFileType = sourcecode.swift; path = ViewController.swift; sourceTree = "<group>"; };
		DA9F53061A3ACB0300F1543D /* Base */ = {isa = PBXFileReference; lastKnownFileType = file.storyboard; name = Base; path = Base.lproj/Main.storyboard; sourceTree = "<group>"; };
		DA9F53081A3ACB0300F1543D /* Images.xcassets */ = {isa = PBXFileReference; lastKnownFileType = folder.assetcatalog; path = Images.xcassets; sourceTree = "<group>"; };
		DA9F530B1A3ACB0300F1543D /* Base */ = {isa = PBXFileReference; lastKnownFileType = file.xib; name = Base; path = Base.lproj/LaunchScreen.xib; sourceTree = "<group>"; };
		DA9F53111A3ACB0300F1543D /* VTSampleStoreiOSTests.xctest */ = {isa = PBXFileReference; explicitFileType = wrapper.cfbundle; includeInIndex = 0; path = VTSampleStoreiOSTests.xctest; sourceTree = BUILT_PRODUCTS_DIR; };
		DA9F53161A3ACB0300F1543D /* Info.plist */ = {isa = PBXFileReference; lastKnownFileType = text.plist.xml; path = Info.plist; sourceTree = "<group>"; };
		DA9F53171A3ACB0300F1543D /* VTSampleStoreiOSTests.swift */ = {isa = PBXFileReference; lastKnownFileType = sourcecode.swift; path = VTSampleStoreiOSTests.swift; sourceTree = "<group>"; };
		DAA1CF101A4A419100490544 /* libVTiOSAPI.a */ = {isa = PBXFileReference; lastKnownFileType = archive.ar; name = libVTiOSAPI.a; path = lib/libVTiOSAPI.a; sourceTree = "<group>"; };
		DAA1CF2A1A4A4C6700490544 /* VTAddress.h */ = {isa = PBXFileReference; lastKnownFileType = sourcecode.c.h; path = VTAddress.h; sourceTree = "<group>"; };
		DAA1CF2B1A4A4C6700490544 /* VTBaseTransaction.h */ = {isa = PBXFileReference; lastKnownFileType = sourcecode.c.h; path = VTBaseTransaction.h; sourceTree = "<group>"; };
		DAA1CF2C1A4A4C6700490544 /* VTBaseTransactionMethod.h */ = {isa = PBXFileReference; lastKnownFileType = sourcecode.c.h; path = VTBaseTransactionMethod.h; sourceTree = "<group>"; };
		DAA1CF2D1A4A4C6700490544 /* VTCardDetails.h */ = {isa = PBXFileReference; lastKnownFileType = sourcecode.c.h; path = VTCardDetails.h; sourceTree = "<group>"; };
		DAA1CF2E1A4A4C6700490544 /* VTConfig.h */ = {isa = PBXFileReference; lastKnownFileType = sourcecode.c.h; path = VTConfig.h; sourceTree = "<group>"; };
		DAA1CF2F1A4A4C6700490544 /* VTCustomerDetails.h */ = {isa = PBXFileReference; lastKnownFileType = sourcecode.c.h; path = VTCustomerDetails.h; sourceTree = "<group>"; };
		DAA1CF301A4A4C6700490544 /* VTDirect.h */ = {isa = PBXFileReference; lastKnownFileType = sourcecode.c.h; path = VTDirect.h; sourceTree = "<group>"; };
		DAA1CF311A4A4C6700490544 /* VTiOSAPI-Bridging-Header.h */ = {isa = PBXFileReference; lastKnownFileType = sourcecode.c.h; path = "VTiOSAPI-Bridging-Header.h"; sourceTree = "<group>"; };
		DAA1CF321A4A4C6700490544 /* VTItemDetails.h */ = {isa = PBXFileReference; lastKnownFileType = sourcecode.c.h; path = VTItemDetails.h; sourceTree = "<group>"; };
		DAA1CF331A4A4C6700490544 /* VTToken.h */ = {isa = PBXFileReference; lastKnownFileType = sourcecode.c.h; path = VTToken.h; sourceTree = "<group>"; };
		DAA1CF341A4A4C6700490544 /* VTTransactionDetails.h */ = {isa = PBXFileReference; lastKnownFileType = sourcecode.c.h; path = VTTransactionDetails.h; sourceTree = "<group>"; };
		DAA505C31A512C8A00058CF9 /* ShopController.swift */ = {isa = PBXFileReference; fileEncoding = 4; lastKnownFileType = sourcecode.swift; path = ShopController.swift; sourceTree = "<group>"; };
		DAA505C61A513D1100058CF9 /* VTItem.swift */ = {isa = PBXFileReference; fileEncoding = 4; lastKnownFileType = sourcecode.swift; path = VTItem.swift; sourceTree = "<group>"; };
		DAA505C81A51419200058CF9 /* VTCheckout.swift */ = {isa = PBXFileReference; fileEncoding = 4; lastKnownFileType = sourcecode.swift; path = VTCheckout.swift; sourceTree = "<group>"; };
/* End PBXFileReference section */

/* Begin PBXFrameworksBuildPhase section */
		DA9F52F91A3ACB0300F1543D /* Frameworks */ = {
			isa = PBXFrameworksBuildPhase;
			buildActionMask = 2147483647;
			files = (
				DAA1CF111A4A419100490544 /* libVTiOSAPI.a in Frameworks */,
			);
			runOnlyForDeploymentPostprocessing = 0;
		};
		DA9F530E1A3ACB0300F1543D /* Frameworks */ = {
			isa = PBXFrameworksBuildPhase;
			buildActionMask = 2147483647;
			files = (
			);
			runOnlyForDeploymentPostprocessing = 0;
		};
/* End PBXFrameworksBuildPhase section */

/* Begin PBXGroup section */
		DA9F52F31A3ACB0300F1543D = {
			isa = PBXGroup;
			children = (
				DAA1CF291A4A4C6700490544 /* include */,
				DAA1CF101A4A419100490544 /* libVTiOSAPI.a */,
				DA9F52FE1A3ACB0300F1543D /* VTSampleStoreiOS */,
				DA9F53141A3ACB0300F1543D /* VTSampleStoreiOSTests */,
				DA9F52FD1A3ACB0300F1543D /* Products */,
			);
			sourceTree = "<group>";
		};
		DA9F52FD1A3ACB0300F1543D /* Products */ = {
			isa = PBXGroup;
			children = (
				DA9F52FC1A3ACB0300F1543D /* VTSampleStoreiOS.app */,
				DA9F53111A3ACB0300F1543D /* VTSampleStoreiOSTests.xctest */,
			);
			name = Products;
			sourceTree = "<group>";
		};
		DA9F52FE1A3ACB0300F1543D /* VTSampleStoreiOS */ = {
			isa = PBXGroup;
			children = (
				DAA505C51A513CF500058CF9 /* Model */,
				DA9F53011A3ACB0300F1543D /* AppDelegate.swift */,
				DA9F53031A3ACB0300F1543D /* ViewController.swift */,
				DA9F53051A3ACB0300F1543D /* Main.storyboard */,
				DA9F53081A3ACB0300F1543D /* Images.xcassets */,
				DA9F530A1A3ACB0300F1543D /* LaunchScreen.xib */,
				DA9F52FF1A3ACB0300F1543D /* Supporting Files */,
				DAA505C31A512C8A00058CF9 /* ShopController.swift */,
			);
			path = VTSampleStoreiOS;
			sourceTree = "<group>";
		};
		DA9F52FF1A3ACB0300F1543D /* Supporting Files */ = {
			isa = PBXGroup;
			children = (
				DA9F53001A3ACB0300F1543D /* Info.plist */,
			);
			name = "Supporting Files";
			sourceTree = "<group>";
		};
		DA9F53141A3ACB0300F1543D /* VTSampleStoreiOSTests */ = {
			isa = PBXGroup;
			children = (
				DA9F53171A3ACB0300F1543D /* VTSampleStoreiOSTests.swift */,
				DA9F53151A3ACB0300F1543D /* Supporting Files */,
			);
			path = VTSampleStoreiOSTests;
			sourceTree = "<group>";
		};
		DA9F53151A3ACB0300F1543D /* Supporting Files */ = {
			isa = PBXGroup;
			children = (
				DA9F53161A3ACB0300F1543D /* Info.plist */,
			);
			name = "Supporting Files";
			sourceTree = "<group>";
		};
		DAA1CF291A4A4C6700490544 /* include */ = {
			isa = PBXGroup;
			children = (
				DAA1CF2A1A4A4C6700490544 /* VTAddress.h */,
				DAA1CF2B1A4A4C6700490544 /* VTBaseTransaction.h */,
				DAA1CF2C1A4A4C6700490544 /* VTBaseTransactionMethod.h */,
				DAA1CF2D1A4A4C6700490544 /* VTCardDetails.h */,
				DAA1CF2E1A4A4C6700490544 /* VTConfig.h */,
				DAA1CF2F1A4A4C6700490544 /* VTCustomerDetails.h */,
				DAA1CF301A4A4C6700490544 /* VTDirect.h */,
				DAA1CF311A4A4C6700490544 /* VTiOSAPI-Bridging-Header.h */,
				DAA1CF321A4A4C6700490544 /* VTItemDetails.h */,
				DAA1CF331A4A4C6700490544 /* VTToken.h */,
				DAA1CF341A4A4C6700490544 /* VTTransactionDetails.h */,
			);
			path = include;
			sourceTree = "<group>";
		};
		DAA505C51A513CF500058CF9 /* Model */ = {
			isa = PBXGroup;
			children = (
				DAA505C61A513D1100058CF9 /* VTItem.swift */,
				DAA505C81A51419200058CF9 /* VTCheckout.swift */,
			);
			name = Model;
			sourceTree = "<group>";
		};
/* End PBXGroup section */

/* Begin PBXNativeTarget section */
		DA9F52FB1A3ACB0300F1543D /* VTSampleStoreiOS */ = {
			isa = PBXNativeTarget;
			buildConfigurationList = DA9F531B1A3ACB0300F1543D /* Build configuration list for PBXNativeTarget "VTSampleStoreiOS" */;
			buildPhases = (
				DA9F52F81A3ACB0300F1543D /* Sources */,
				DA9F52F91A3ACB0300F1543D /* Frameworks */,
				DA9F52FA1A3ACB0300F1543D /* Resources */,
			);
			buildRules = (
			);
			dependencies = (
			);
			name = VTSampleStoreiOS;
			productName = VTSampleStoreiOS;
			productReference = DA9F52FC1A3ACB0300F1543D /* VTSampleStoreiOS.app */;
			productType = "com.apple.product-type.application";
		};
		DA9F53101A3ACB0300F1543D /* VTSampleStoreiOSTests */ = {
			isa = PBXNativeTarget;
			buildConfigurationList = DA9F531E1A3ACB0300F1543D /* Build configuration list for PBXNativeTarget "VTSampleStoreiOSTests" */;
			buildPhases = (
				DA9F530D1A3ACB0300F1543D /* Sources */,
				DA9F530E1A3ACB0300F1543D /* Frameworks */,
				DA9F530F1A3ACB0300F1543D /* Resources */,
			);
			buildRules = (
			);
			dependencies = (
				DA9F53131A3ACB0300F1543D /* PBXTargetDependency */,
			);
			name = VTSampleStoreiOSTests;
			productName = VTSampleStoreiOSTests;
			productReference = DA9F53111A3ACB0300F1543D /* VTSampleStoreiOSTests.xctest */;
			productType = "com.apple.product-type.bundle.unit-test";
		};
/* End PBXNativeTarget section */

/* Begin PBXProject section */
		DA9F52F41A3ACB0300F1543D /* Project object */ = {
			isa = PBXProject;
			attributes = {
				LastUpgradeCheck = 0610;
				ORGANIZATIONNAME = "Veritrans Indonesia";
				TargetAttributes = {
					DA9F52FB1A3ACB0300F1543D = {
						CreatedOnToolsVersion = 6.1.1;
					};
					DA9F53101A3ACB0300F1543D = {
						CreatedOnToolsVersion = 6.1.1;
						TestTargetID = DA9F52FB1A3ACB0300F1543D;
					};
				};
			};
			buildConfigurationList = DA9F52F71A3ACB0300F1543D /* Build configuration list for PBXProject "VTSampleStoreiOS" */;
			compatibilityVersion = "Xcode 3.2";
			developmentRegion = English;
			hasScannedForEncodings = 0;
			knownRegions = (
				en,
				Base,
			);
			mainGroup = DA9F52F31A3ACB0300F1543D;
			productRefGroup = DA9F52FD1A3ACB0300F1543D /* Products */;
			projectDirPath = "";
			projectRoot = "";
			targets = (
				DA9F52FB1A3ACB0300F1543D /* VTSampleStoreiOS */,
				DA9F53101A3ACB0300F1543D /* VTSampleStoreiOSTests */,
			);
		};
/* End PBXProject section */

/* Begin PBXResourcesBuildPhase section */
		DA9F52FA1A3ACB0300F1543D /* Resources */ = {
			isa = PBXResourcesBuildPhase;
			buildActionMask = 2147483647;
			files = (
				DA9F53071A3ACB0300F1543D /* Main.storyboard in Resources */,
				DA9F530C1A3ACB0300F1543D /* LaunchScreen.xib in Resources */,
				DA9F53091A3ACB0300F1543D /* Images.xcassets in Resources */,
			);
			runOnlyForDeploymentPostprocessing = 0;
		};
		DA9F530F1A3ACB0300F1543D /* Resources */ = {
			isa = PBXResourcesBuildPhase;
			buildActionMask = 2147483647;
			files = (
			);
			runOnlyForDeploymentPostprocessing = 0;
		};
/* End PBXResourcesBuildPhase section */

/* Begin PBXSourcesBuildPhase section */
		DA9F52F81A3ACB0300F1543D /* Sources */ = {
			isa = PBXSourcesBuildPhase;
			buildActionMask = 2147483647;
			files = (
				DAA1CF351A4A4C7400490544 /* VTAddress.h in Sources */,
				DAA1CF361A4A4C7400490544 /* VTBaseTransaction.h in Sources */,
				DAA1CF371A4A4C7400490544 /* VTBaseTransactionMethod.h in Sources */,
				DAA1CF381A4A4C7400490544 /* VTCardDetails.h in Sources */,
				DAA505C41A512C8A00058CF9 /* ShopController.swift in Sources */,
				DAA1CF391A4A4C7400490544 /* VTConfig.h in Sources */,
				DAA505C71A513D1100058CF9 /* VTItem.swift in Sources */,
				DAA1CF3A1A4A4C7400490544 /* VTCustomerDetails.h in Sources */,
				DAA505C91A51419200058CF9 /* VTCheckout.swift in Sources */,
				DAA1CF3B1A4A4C7400490544 /* VTDirect.h in Sources */,
				DAA1CF3D1A4A4C7400490544 /* VTItemDetails.h in Sources */,
				DAA1CF3E1A4A4C7400490544 /* VTToken.h in Sources */,
				DAA1CF3F1A4A4C7400490544 /* VTTransactionDetails.h in Sources */,
				DA9F53041A3ACB0300F1543D /* ViewController.swift in Sources */,
				DA9F53021A3ACB0300F1543D /* AppDelegate.swift in Sources */,
			);
			runOnlyForDeploymentPostprocessing = 0;
		};
		DA9F530D1A3ACB0300F1543D /* Sources */ = {
			isa = PBXSourcesBuildPhase;
			buildActionMask = 2147483647;
			files = (
				DA9F53181A3ACB0300F1543D /* VTSampleStoreiOSTests.swift in Sources */,
			);
			runOnlyForDeploymentPostprocessing = 0;
		};
/* End PBXSourcesBuildPhase section */

/* Begin PBXTargetDependency section */
		DA9F53131A3ACB0300F1543D /* PBXTargetDependency */ = {
			isa = PBXTargetDependency;
			target = DA9F52FB1A3ACB0300F1543D /* VTSampleStoreiOS */;
			targetProxy = DA9F53121A3ACB0300F1543D /* PBXContainerItemProxy */;
		};
/* End PBXTargetDependency section */

/* Begin PBXVariantGroup section */
		DA9F53051A3ACB0300F1543D /* Main.storyboard */ = {
			isa = PBXVariantGroup;
			children = (
				DA9F53061A3ACB0300F1543D /* Base */,
			);
			name = Main.storyboard;
			sourceTree = "<group>";
		};
		DA9F530A1A3ACB0300F1543D /* LaunchScreen.xib */ = {
			isa = PBXVariantGroup;
			children = (
				DA9F530B1A3ACB0300F1543D /* Base */,
			);
			name = LaunchScreen.xib;
			sourceTree = "<group>";
		};
/* End PBXVariantGroup section */

/* Begin XCBuildConfiguration section */
		DA9F53191A3ACB0300F1543D /* Debug */ = {
			isa = XCBuildConfiguration;
			buildSettings = {
				ALWAYS_SEARCH_USER_PATHS = NO;
				CLANG_CXX_LANGUAGE_STANDARD = "gnu++0x";
				CLANG_CXX_LIBRARY = "libc++";
				CLANG_ENABLE_MODULES = YES;
				CLANG_ENABLE_OBJC_ARC = YES;
				CLANG_WARN_BOOL_CONVERSION = YES;
				CLANG_WARN_CONSTANT_CONVERSION = YES;
				CLANG_WARN_DIRECT_OBJC_ISA_USAGE = YES_ERROR;
				CLANG_WARN_EMPTY_BODY = YES;
				CLANG_WARN_ENUM_CONVERSION = YES;
				CLANG_WARN_INT_CONVERSION = YES;
				CLANG_WARN_OBJC_ROOT_CLASS = YES_ERROR;
				CLANG_WARN_UNREACHABLE_CODE = YES;
				CLANG_WARN__DUPLICATE_METHOD_MATCH = YES;
				"CODE_SIGN_IDENTITY[sdk=iphoneos*]" = "iPhone Developer";
				COPY_PHASE_STRIP = NO;
				ENABLE_STRICT_OBJC_MSGSEND = YES;
				GCC_C_LANGUAGE_STANDARD = gnu99;
				GCC_DYNAMIC_NO_PIC = NO;
				GCC_OPTIMIZATION_LEVEL = 0;
				GCC_PREPROCESSOR_DEFINITIONS = (
					"DEBUG=1",
					"$(inherited)",
				);
				GCC_SYMBOLS_PRIVATE_EXTERN = NO;
				GCC_WARN_64_TO_32_BIT_CONVERSION = YES;
				GCC_WARN_ABOUT_RETURN_TYPE = YES_ERROR;
				GCC_WARN_UNDECLARED_SELECTOR = YES;
				GCC_WARN_UNINITIALIZED_AUTOS = YES_AGGRESSIVE;
				GCC_WARN_UNUSED_FUNCTION = YES;
				GCC_WARN_UNUSED_VARIABLE = YES;
				IPHONEOS_DEPLOYMENT_TARGET = 8.1;
				MTL_ENABLE_DEBUG_INFO = YES;
				ONLY_ACTIVE_ARCH = YES;
				SDKROOT = iphoneos;
				SWIFT_OBJC_BRIDGING_HEADER = "$SOURCE_ROOT/include/VTiOSAPI-Bridging-Header.h";
				SWIFT_OPTIMIZATION_LEVEL = "-Onone";
				TARGETED_DEVICE_FAMILY = "1,2";
			};
			name = Debug;
		};
		DA9F531A1A3ACB0300F1543D /* Release */ = {
			isa = XCBuildConfiguration;
			buildSettings = {
				ALWAYS_SEARCH_USER_PATHS = NO;
				CLANG_CXX_LANGUAGE_STANDARD = "gnu++0x";
				CLANG_CXX_LIBRARY = "libc++";
				CLANG_ENABLE_MODULES = YES;
				CLANG_ENABLE_OBJC_ARC = YES;
				CLANG_WARN_BOOL_CONVERSION = YES;
				CLANG_WARN_CONSTANT_CONVERSION = YES;
				CLANG_WARN_DIRECT_OBJC_ISA_USAGE = YES_ERROR;
				CLANG_WARN_EMPTY_BODY = YES;
				CLANG_WARN_ENUM_CONVERSION = YES;
				CLANG_WARN_INT_CONVERSION = YES;
				CLANG_WARN_OBJC_ROOT_CLASS = YES_ERROR;
				CLANG_WARN_UNREACHABLE_CODE = YES;
				CLANG_WARN__DUPLICATE_METHOD_MATCH = YES;
				"CODE_SIGN_IDENTITY[sdk=iphoneos*]" = "iPhone Developer";
				COPY_PHASE_STRIP = YES;
				ENABLE_NS_ASSERTIONS = NO;
				ENABLE_STRICT_OBJC_MSGSEND = YES;
				GCC_C_LANGUAGE_STANDARD = gnu99;
				GCC_WARN_64_TO_32_BIT_CONVERSION = YES;
				GCC_WARN_ABOUT_RETURN_TYPE = YES_ERROR;
				GCC_WARN_UNDECLARED_SELECTOR = YES;
				GCC_WARN_UNINITIALIZED_AUTOS = YES_AGGRESSIVE;
				GCC_WARN_UNUSED_FUNCTION = YES;
				GCC_WARN_UNUSED_VARIABLE = YES;
				IPHONEOS_DEPLOYMENT_TARGET = 8.1;
				MTL_ENABLE_DEBUG_INFO = NO;
				SDKROOT = iphoneos;
				SWIFT_OBJC_BRIDGING_HEADER = "$SOURCE_ROOT/include/VTiOSAPI-Bridging-Header.h";
				TARGETED_DEVICE_FAMILY = "1,2";
				VALIDATE_PRODUCT = YES;
			};
			name = Release;
		};
		DA9F531C1A3ACB0300F1543D /* Debug */ = {
			isa = XCBuildConfiguration;
			buildSettings = {
				ASSETCATALOG_COMPILER_APPICON_NAME = AppIcon;
				INFOPLIST_FILE = VTSampleStoreiOS/Info.plist;
				LD_RUNPATH_SEARCH_PATHS = "$(inherited) @executable_path/Frameworks";
				LIBRARY_SEARCH_PATHS = (
					"$(inherited)",
					"$(PROJECT_DIR)/lib",
				);
				PRODUCT_NAME = "$(TARGET_NAME)";
				SWIFT_OBJC_BRIDGING_HEADER = "$SOURCE_ROOT/include/VTiOSAPI-Bridging-Header.h";
				"USER_HEADER_SEARCH_PATHS[arch=*]" = $SOURCE_ROOT/include;
			};
			name = Debug;
		};
		DA9F531D1A3ACB0300F1543D /* Release */ = {
			isa = XCBuildConfiguration;
			buildSettings = {
				ASSETCATALOG_COMPILER_APPICON_NAME = AppIcon;
				INFOPLIST_FILE = VTSampleStoreiOS/Info.plist;
				LD_RUNPATH_SEARCH_PATHS = "$(inherited) @executable_path/Frameworks";
				LIBRARY_SEARCH_PATHS = (
					"$(inherited)",
					"$(PROJECT_DIR)/lib",
				);
				PRODUCT_NAME = "$(TARGET_NAME)";
				SWIFT_OBJC_BRIDGING_HEADER = "$SOURCE_ROOT/include/VTiOSAPI-Bridging-Header.h";
			};
			name = Release;
		};
		DA9F531F1A3ACB0300F1543D /* Debug */ = {
			isa = XCBuildConfiguration;
			buildSettings = {
				BUNDLE_LOADER = "$(TEST_HOST)";
				FRAMEWORK_SEARCH_PATHS = (
					"$(SDKROOT)/Developer/Library/Frameworks",
					"$(inherited)",
				);
				GCC_PREPROCESSOR_DEFINITIONS = (
					"DEBUG=1",
					"$(inherited)",
				);
				INFOPLIST_FILE = VTSampleStoreiOSTests/Info.plist;
				LD_RUNPATH_SEARCH_PATHS = "$(inherited) @executable_path/Frameworks @loader_path/Frameworks";
				PRODUCT_NAME = "$(TARGET_NAME)";
				TEST_HOST = "$(BUILT_PRODUCTS_DIR)/VTSampleStoreiOS.app/VTSampleStoreiOS";
			};
			name = Debug;
		};
		DA9F53201A3ACB0300F1543D /* Release */ = {
			isa = XCBuildConfiguration;
			buildSettings = {
				BUNDLE_LOADER = "$(TEST_HOST)";
				FRAMEWORK_SEARCH_PATHS = (
					"$(SDKROOT)/Developer/Library/Frameworks",
					"$(inherited)",
				);
				INFOPLIST_FILE = VTSampleStoreiOSTests/Info.plist;
				LD_RUNPATH_SEARCH_PATHS = "$(inherited) @executable_path/Frameworks @loader_path/Frameworks";
				PRODUCT_NAME = "$(TARGET_NAME)";
				TEST_HOST = "$(BUILT_PRODUCTS_DIR)/VTSampleStoreiOS.app/VTSampleStoreiOS";
			};
			name = Release;
		};
/* End XCBuildConfiguration section */

/* Begin XCConfigurationList section */
		DA9F52F71A3ACB0300F1543D /* Build configuration list for PBXProject "VTSampleStoreiOS" */ = {
			isa = XCConfigurationList;
			buildConfigurations = (
				DA9F53191A3ACB0300F1543D /* Debug */,
				DA9F531A1A3ACB0300F1543D /* Release */,
			);
			defaultConfigurationIsVisible = 0;
			defaultConfigurationName = Release;
		};
		DA9F531B1A3ACB0300F1543D /* Build configuration list for PBXNativeTarget "VTSampleStoreiOS" */ = {
			isa = XCConfigurationList;
			buildConfigurations = (
				DA9F531C1A3ACB0300F1543D /* Debug */,
				DA9F531D1A3ACB0300F1543D /* Release */,
			);
			defaultConfigurationIsVisible = 0;
			defaultConfigurationName = Release;
		};
		DA9F531E1A3ACB0300F1543D /* Build configuration list for PBXNativeTarget "VTSampleStoreiOSTests" */ = {
			isa = XCConfigurationList;
			buildConfigurations = (
				DA9F531F1A3ACB0300F1543D /* Debug */,
				DA9F53201A3ACB0300F1543D /* Release */,
			);
			defaultConfigurationIsVisible = 0;
			defaultConfigurationName = Release;
		};
/* End XCConfigurationList section */
	};
	rootObject = DA9F52F41A3ACB0300F1543D /* Project object */;
}
